{
  "name": "tsrv-644",
  "version": "1.0.0",
  "lockfileVersion": 2,
  "requires": true,
  "packages": {
    "": {
      "name": "tsrv-644",
      "version": "1.0.0",
      "license": "ISC",
      "dependencies": {
        "@patternfly/patternfly": "^4.206.3",
        "bootstrap": "^5.2.0",
        "jquery": "^3.6.0"
      }
    },
    "node_modules/@patternfly/patternfly": {
      "version": "4.206.3",
      "resolved": "https://registry.npmjs.org/@patternfly/patternfly/-/patternfly-4.206.3.tgz",
      "integrity": "sha512-2Ar6qaZAozyx/KBzlqqskoEf45HUZIbk668qFwYHWaTkuucYw/usoxw03OwnGCS4GgBlMf06X2uonHgQLhVT8A=="
    },
    "node_modules/bootstrap": {
      "version": "5.2.0",
      "resolved": "https://registry.npmjs.org/bootstrap/-/bootstrap-5.2.0.tgz",
      "integrity": "sha512-qlnS9GL6YZE6Wnef46GxGv1UpGGzAwO0aPL1yOjzDIJpeApeMvqV24iL+pjr2kU4dduoBA9fINKWKgMToobx9A==",
      "funding": [
        {
          "type": "github",
          "url": "https://github.com/sponsors/twbs"
        },
        {
          "type": "opencollective",
          "url": "https://opencollective.com/bootstrap"
        }
      ],
      "peerDependencies": {
        "@popperjs/core": "^2.11.5"
      }
    },
    "node_modules/jquery": {
      "version": "3.6.0",
      "resolved": "https://registry.npmjs.org/jquery/-/jquery-3.6.0.tgz",
      "integrity": "sha512-JVzAR/AjBvVt2BmYhxRCSYysDsPcssdmTFnzyLEts9qNwmjmu4JTAMYubEfwVOSwpQ1I1sKKFcxhZCI2buerfw=="
    }
  },
  "dependencies": {
    "@patternfly/patternfly": {
      "version": "4.206.3",
      "resolved": "https://registry.npmjs.org/@patternfly/patternfly/-/patternfly-4.206.3.tgz",
      "integrity": "sha512-2Ar6qaZAozyx/KBzlqqskoEf45HUZIbk668qFwYHWaTkuucYw/usoxw03OwnGCS4GgBlMf06X2uonHgQLhVT8A=="
    },
    "bootstrap": {
      "version": "5.2.0",
      "resolved": "https://registry.npmjs.org/bootstrap/-/bootstrap-5.2.0.tgz",
      "integrity": "sha512-qlnS9GL6YZE6Wnef46GxGv1UpGGzAwO0aPL1yOjzDIJpeApeMvqV24iL+pjr2kU4dduoBA9fINKWKgMToobx9A==",
      "requires": {}
    },
    "jquery": {
      "version": "3.6.0",
      "resolved": "https://registry.npmjs.org/jquery/-/jquery-3.6.0.tgz",
      "integrity": "sha512-JVzAR/AjBvVt2BmYhxRCSYysDsPcssdmTFnzyLEts9qNwmjmu4JTAMYubEfwVOSwpQ1I1sKKFcxhZCI2buerfw=="
    }
  }
}
